
Microsoft Visual Studio Solution File, Format Version 12.00
# Visual Studio Version 17
VisualStudioVersion = 17.5.002.0
MinimumVisualStudioVersion = 10.0.40219.1
Project("{2150E333-8FDC-42A3-9474-1A3956D46DE8}") = "src", "src", "{53A1C279-9616-48F4-BC60-2604B2AF6D0C}"
EndProject
Project("{9A19103F-16F7-4668-BE54-9A1E7A4F7556}") = "Sandbox", "src\Sandbox\Sandbox.csproj", "{57DF10F7-9915-4F90-8011-EA0A49B7311C}"
EndProject
Project("{2150E333-8FDC-42A3-9474-1A3956D46DE8}") = "test", "test", "{EEB3A6ED-7AA2-46BA-A8E9-513521EE79E6}"
EndProject
Project("{9A19103F-16F7-4668-BE54-9A1E7A4F7556}") = "Sandbox.Tests", "test\Sandbox.Tests\Sandbox.Tests.csproj", "{BDDE854A-9073-4F5F-842C-E27C03907C52}"
EndProject
Global
	GlobalSection(SolutionConfigurationPlatforms) = preSolution
		Debug|Any CPU = Debug|Any CPU
		Release|Any CPU = Release|Any CPU
	EndGlobalSection
	GlobalSection(ProjectConfigurationPlatforms) = postSolution
		{57DF10F7-9915-4F90-8011-EA0A49B7311C}.Debug|Any CPU.ActiveCfg = Debug|Any CPU
		{57DF10F7-9915-4F90-8011-EA0A49B7311C}.Debug|Any CPU.Build.0 = Debug|Any CPU
		{57DF10F7-9915-4F90-8011-EA0A49B7311C}.Release|Any CPU.ActiveCfg = Release|Any CPU
		{57DF10F7-9915-4F90-8011-EA0A49B7311C}.Release|Any CPU.Build.0 = Release|Any CPU
		{BDDE854A-9073-4F5F-842C-E27C03907C52}.Debug|Any CPU.ActiveCfg = Debug|Any CPU
		{BDDE854A-9073-4F5F-842C-E27C03907C52}.Debug|Any CPU.Build.0 = Debug|Any CPU
		{BDDE854A-9073-4F5F-842C-E27C03907C52}.Release|Any CPU.ActiveCfg = Release|Any CPU
		{BDDE854A-9073-4F5F-842C-E27C03907C52}.Release|Any CPU.Build.0 = Release|Any CPU
	EndGlobalSection
	GlobalSection(SolutionProperties) = preSolution
		HideSolutionNode = FALSE
	EndGlobalSection
	GlobalSection(NestedProjects) = preSolution
		{57DF10F7-9915-4F90-8011-EA0A49B7311C} = {53A1C279-9616-48F4-BC60-2604B2AF6D0C}
		{BDDE854A-9073-4F5F-842C-E27C03907C52} = {EEB3A6ED-7AA2-46BA-A8E9-513521EE79E6}
	EndGlobalSection
	GlobalSection(ExtensibilityGlobals) = postSolution
		SolutionGuid = {193F37FB-9008-42A7-A41B-F81262889372}
	EndGlobalSection
EndGlobal
